
Microsoft Visual Studio Solution File, Format Version 12.00
# Visual Studio Version 17
VisualStudioVersion = 17.5.33209.295
MinimumVisualStudioVersion = 10.0.40219.1
Project("{9A19103F-16F7-4668-BE54-9A1E7A4F7556}") = "Fineboym.Logging.Generator", "LoggingDecoratorGenerator\Fineboym.Logging.Generator.csproj", "{AA0CEEFA-7EA0-43A4-B04C-FD299A9EB00C}"
EndProject
Project("{9A19103F-16F7-4668-BE54-9A1E7A4F7556}") = "LoggingDecoratorGenerator.Tests", "LoggingDecoratorGenerator.Tests\LoggingDecoratorGenerator.Tests.csproj", "{CA980B33-06CB-4471-8100-6958024B5185}"
EndProject
Project("{9A19103F-16F7-4668-BE54-9A1E7A4F7556}") = "LoggingDecoratorGenerator.IntegrationTests", "LoggingDecoratorGenerator.IntegrationTests\LoggingDecoratorGenerator.IntegrationTests.csproj", "{2DE18598-A5D9-4A34-818A-9680890571C8}"
EndProject
Project("{FAE04EC0-301F-11D3-BF4B-00C04F79EFBC}") = "Fineboym.Logging.Attributes", "Fineboym.Logging.Attributes\Fineboym.Logging.Attributes.csproj", "{53B06864-5681-48AB-976E-85E4B309CDA1}"
EndProject
Global
	GlobalSection(SolutionConfigurationPlatforms) = preSolution
		Debug|Any CPU = Debug|Any CPU
		Release|Any CPU = Release|Any CPU
	EndGlobalSection
	GlobalSection(ProjectConfigurationPlatforms) = postSolution
		{AA0CEEFA-7EA0-43A4-B04C-FD299A9EB00C}.Debug|Any CPU.ActiveCfg = Debug|Any CPU
		{AA0CEEFA-7EA0-43A4-B04C-FD299A9EB00C}.Debug|Any CPU.Build.0 = Debug|Any CPU
		{AA0CEEFA-7EA0-43A4-B04C-FD299A9EB00C}.Release|Any CPU.ActiveCfg = Release|Any CPU
		{AA0CEEFA-7EA0-43A4-B04C-FD299A9EB00C}.Release|Any CPU.Build.0 = Release|Any CPU
		{CA980B33-06CB-4471-8100-6958024B5185}.Debug|Any CPU.ActiveCfg = Debug|Any CPU
		{CA980B33-06CB-4471-8100-6958024B5185}.Debug|Any CPU.Build.0 = Debug|Any CPU
		{CA980B33-06CB-4471-8100-6958024B5185}.Release|Any CPU.ActiveCfg = Release|Any CPU
		{CA980B33-06CB-4471-8100-6958024B5185}.Release|Any CPU.Build.0 = Release|Any CPU
		{2DE18598-A5D9-4A34-818A-9680890571C8}.Debug|Any CPU.ActiveCfg = Debug|Any CPU
		{2DE18598-A5D9-4A34-818A-9680890571C8}.Debug|Any CPU.Build.0 = Debug|Any CPU
		{2DE18598-A5D9-4A34-818A-9680890571C8}.Release|Any CPU.ActiveCfg = Release|Any CPU
		{2DE18598-A5D9-4A34-818A-9680890571C8}.Release|Any CPU.Build.0 = Release|Any CPU
		{53B06864-5681-48AB-976E-85E4B309CDA1}.Debug|Any CPU.ActiveCfg = Debug|Any CPU
		{53B06864-5681-48AB-976E-85E4B309CDA1}.Debug|Any CPU.Build.0 = Debug|Any CPU
		{53B06864-5681-48AB-976E-85E4B309CDA1}.Release|Any CPU.ActiveCfg = Release|Any CPU
		{53B06864-5681-48AB-976E-85E4B309CDA1}.Release|Any CPU.Build.0 = Release|Any CPU
	EndGlobalSection
	GlobalSection(SolutionProperties) = preSolution
		HideSolutionNode = FALSE
	EndGlobalSection
	GlobalSection(ExtensibilityGlobals) = postSolution
		SolutionGuid = {AFB03611-1FC1-4BE2-9C4F-A46A2E289A05}
	EndGlobalSection
EndGlobal
